
Microsoft Visual Studio Solution File, Format Version 12.00
# Visual Studio Version 16
VisualStudioVersion = 16.0.30711.63
MinimumVisualStudioVersion = 10.0.40219.1
Project("{FAE04EC0-301F-11D3-BF4B-00C04F79EFBC}") = "ServidorArchivosTexto", "ServidorArchivosTexto\ServidorArchivosTexto.csproj", "{126C402E-1945-45ED-AA8A-CB68B421A36D}"
EndProject
Global
	GlobalSection(SolutionConfigurationPlatforms) = preSolution
		Debug|Any CPU = Debug|Any CPU
		Release|Any CPU = Release|Any CPU
	EndGlobalSection
	GlobalSection(ProjectConfigurationPlatforms) = postSolution
		{126C402E-1945-45ED-AA8A-CB68B421A36D}.Debug|Any CPU.ActiveCfg = Debug|Any CPU
		{126C402E-1945-45ED-AA8A-CB68B421A36D}.Debug|Any CPU.Build.0 = Debug|Any CPU
		{126C402E-1945-45ED-AA8A-CB68B421A36D}.Release|Any CPU.ActiveCfg = Release|Any CPU
		{126C402E-1945-45ED-AA8A-CB68B421A36D}.Release|Any CPU.Build.0 = Release|Any CPU
	EndGlobalSection
	GlobalSection(SolutionProperties) = preSolution
		HideSolutionNode = FALSE
	EndGlobalSection
	GlobalSection(ExtensibilityGlobals) = postSolution
		SolutionGuid = {327C867E-378F-4C37-9C32-B9FA94A399B4}
	EndGlobalSection
EndGlobal
